<?xml version="1.0" encoding="utf-8"?>
<Project ToolsVersion="4.0" xmlns="http://schemas.microsoft.com/developer/msbuild/2003">
  <ItemGroup>
    <Filter Include="Source Files">
      <UniqueIdentifier>{4FC737F1-C7A5-4376-A066-2A32D752A2FF}</UniqueIdentifier>
      <Extensions>cpp;c;cc;cxx;def;odl;idl;hpj;bat;asm;asmx</Extensions>
    </Filter>
    <Filter Include="Header Files">
      <UniqueIdentifier>{93995380-89BD-4b04-88EB-625FBE52EBFB}</UniqueIdentifier>
      <Extensions>h;hh;hpp;hxx;hm;inl;inc;xsd</Extensions>
    </Filter>
    <Filter Include="Resource Files">
      <UniqueIdentifier>{67DA6AB6-F800-4c08-8B7A-83BB121AAD01}</UniqueIdentifier>
      <Extensions>rc;ico;cur;bmp;dlg;rc2;rct;bin;rgs;gif;jpg;jpeg;jpe;resx;tiff;tif;png;wav;mfcribbon-ms</Extensions>
    </Filter>
    <Filter Include="AdditionalFiles">
      <UniqueIdentifier>{16df883d-c628-438c-a985-13e1d2f8b144}</UniqueIdentifier>
    </Filter>
  </ItemGroup>
  <ItemGroup>
    <Text Include="ReadMe.txt" />
  </ItemGroup>
  <ItemGroup>
    <ClInclude Include="stdafx.h">
      <Filter>Header Files</Filter>
    </ClInclude>
    <ClInclude Include="targetver.h">
      <Filter>Header Files</Filter>
    </ClInclude>
    <ClInclude Include="AdditionalFiles\controls.hpp">
      <Filter>AdditionalFiles</Filter>
    </ClInclude>
    <ClInclude Include="AdditionalFiles\shader.hpp">
      <Filter>AdditionalFiles</Filter>
    </ClInclude>
    <ClInclude Include="AdditionalFiles\texture.hpp">
      <Filter>AdditionalFiles</Filter>
    </ClInclude>
    <ClInclude Include="AdditionalFiles\vboindexer.hpp">
      <Filter>AdditionalFiles</Filter>
    </ClInclude>
    <ClInclude Include="objloader.hpp">
      <Filter>Source Files</Filter>
    </ClInclude>
    <ClInclude Include="solverCmd.h">
      <Filter>Header Files</Filter>
    </ClInclude>
  </ItemGroup>
  <ItemGroup>
    <ClCompile Include="stdafx.cpp">
      <Filter>Source Files</Filter>
    </ClCompile>
    <ClCompile Include="AdditionalFiles\controls.cpp">
      <Filter>AdditionalFiles</Filter>
    </ClCompile>
    <ClCompile Include="AdditionalFiles\shader.cpp">
      <Filter>AdditionalFiles</Filter>
    </ClCompile>
    <ClCompile Include="AdditionalFiles\texture.cpp">
      <Filter>AdditionalFiles</Filter>
    </ClCompile>
    <ClCompile Include="AdditionalFiles\vboindexer.cpp">
      <Filter>AdditionalFiles</Filter>
    </ClCompile>
    <ClCompile Include="objloader.cpp">
      <Filter>Source Files</Filter>
    </ClCompile>
    <ClCompile Include="pluginMain.cpp">
      <Filter>Source Files</Filter>
    </ClCompile>
    <ClCompile Include="solverCmd.cpp">
      <Filter>Source Files</Filter>
    </ClCompile>
  </ItemGroup>
</Project>